
Microsoft Visual Studio Solution File, Format Version 11.00
# Visual Studio 2010
Project("{FAE04EC0-301F-11D3-BF4B-00C04F79EFBC}") = "Tank-Game-Spring", "Assembly-CSharp.csproj", "{1AB6B920-59A7-4B6B-C4EB-5598EC058770}"
EndProject
Project("{FAE04EC0-301F-11D3-BF4B-00C04F79EFBC}") = "Tank-Game-Spring", "Assembly-CSharp-Editor.csproj", "{7D37BE75-2F96-80B9-2B3B-9625760FAB78}"
EndProject
Global
	GlobalSection(SolutionConfigurationPlatforms) = preSolution
		Debug|Any CPU = Debug|Any CPU
		Release|Any CPU = Release|Any CPU
	EndGlobalSection
	GlobalSection(ProjectConfigurationPlatforms) = postSolution
		{1AB6B920-59A7-4B6B-C4EB-5598EC058770}.Debug|Any CPU.ActiveCfg = Debug|Any CPU
		{1AB6B920-59A7-4B6B-C4EB-5598EC058770}.Debug|Any CPU.Build.0 = Debug|Any CPU
		{1AB6B920-59A7-4B6B-C4EB-5598EC058770}.Release|Any CPU.ActiveCfg = Release|Any CPU
		{1AB6B920-59A7-4B6B-C4EB-5598EC058770}.Release|Any CPU.Build.0 = Release|Any CPU
		{7D37BE75-2F96-80B9-2B3B-9625760FAB78}.Debug|Any CPU.ActiveCfg = Debug|Any CPU
		{7D37BE75-2F96-80B9-2B3B-9625760FAB78}.Debug|Any CPU.Build.0 = Debug|Any CPU
		{7D37BE75-2F96-80B9-2B3B-9625760FAB78}.Release|Any CPU.ActiveCfg = Release|Any CPU
		{7D37BE75-2F96-80B9-2B3B-9625760FAB78}.Release|Any CPU.Build.0 = Release|Any CPU
	EndGlobalSection
	GlobalSection(SolutionProperties) = preSolution
		HideSolutionNode = FALSE
	EndGlobalSection
	GlobalSection(MonoDevelopProperties) = preSolution
		StartupItem = Assembly-CSharp.csproj
	EndGlobalSection
EndGlobal
